
Microsoft Visual Studio Solution File, Format Version 12.00
Project("{FAE04EC0-301F-11D3-BF4B-00C04F79EFBC}") = "Assignment2", "Assignment2.csproj", "{F2FDC3A0-F8ED-49E6-8ED5-B0A2B609B372}"
EndProject
Global
	GlobalSection(SolutionConfigurationPlatforms) = preSolution
		Debug|Any CPU = Debug|Any CPU
		Release|Any CPU = Release|Any CPU
	EndGlobalSection
	GlobalSection(ProjectConfigurationPlatforms) = postSolution
		{F2FDC3A0-F8ED-49E6-8ED5-B0A2B609B372}.Debug|Any CPU.ActiveCfg = Debug|Any CPU
		{F2FDC3A0-F8ED-49E6-8ED5-B0A2B609B372}.Debug|Any CPU.Build.0 = Debug|Any CPU
		{F2FDC3A0-F8ED-49E6-8ED5-B0A2B609B372}.Release|Any CPU.ActiveCfg = Release|Any CPU
		{F2FDC3A0-F8ED-49E6-8ED5-B0A2B609B372}.Release|Any CPU.Build.0 = Release|Any CPU
	EndGlobalSection
EndGlobal
